
Microsoft Visual Studio Solution File, Format Version 12.00
# Visual Studio Version 17
VisualStudioVersion = 17.0.32014.148
MinimumVisualStudioVersion = 10.0.40219.1
Project("{8BC9CEB8-8B4A-11D0-8D11-00A0C91BC942}") = "DestroyQueue", "DestroyQueue\DestroyQueue.vcxproj", "{7E9B6FDC-3F5E-4B9E-865F-D52C58462AEA}"
EndProject
Global
	GlobalSection(SolutionConfigurationPlatforms) = preSolution
		Debug|x64 = Debug|x64
		Debug|x86 = Debug|x86
		Release|x64 = Release|x64
		Release|x86 = Release|x86
	EndGlobalSection
	GlobalSection(ProjectConfigurationPlatforms) = postSolution
		{7E9B6FDC-3F5E-4B9E-865F-D52C58462AEA}.Debug|x64.ActiveCfg = Debug|x64
		{7E9B6FDC-3F5E-4B9E-865F-D52C58462AEA}.Debug|x64.Build.0 = Debug|x64
		{7E9B6FDC-3F5E-4B9E-865F-D52C58462AEA}.Debug|x86.ActiveCfg = Debug|Win32
		{7E9B6FDC-3F5E-4B9E-865F-D52C58462AEA}.Debug|x86.Build.0 = Debug|Win32
		{7E9B6FDC-3F5E-4B9E-865F-D52C58462AEA}.Release|x64.ActiveCfg = Release|x64
		{7E9B6FDC-3F5E-4B9E-865F-D52C58462AEA}.Release|x64.Build.0 = Release|x64
		{7E9B6FDC-3F5E-4B9E-865F-D52C58462AEA}.Release|x86.ActiveCfg = Release|Win32
		{7E9B6FDC-3F5E-4B9E-865F-D52C58462AEA}.Release|x86.Build.0 = Release|Win32
	EndGlobalSection
	GlobalSection(SolutionProperties) = preSolution
		HideSolutionNode = FALSE
	EndGlobalSection
	GlobalSection(ExtensibilityGlobals) = postSolution
		SolutionGuid = {D4095DC7-4044-4831-B66F-2C760670FEF7}
	EndGlobalSection
EndGlobal
